
Microsoft Visual Studio Solution File, Format Version 11.00
# Visual Studio 2010
Project("{FAE04EC0-301F-11D3-BF4B-00C04F79EFBC}") = "restful", "restful\restful.csproj", "{343B527A-C626-4B59-8322-7B40A2007D0B}"
EndProject
Project("{FAE04EC0-301F-11D3-BF4B-00C04F79EFBC}") = "Domain", "modules\Domain\Domain.csproj", "{AE2EECEE-3906-4773-8975-A40A0452BA47}"
EndProject
Global
	GlobalSection(SolutionConfigurationPlatforms) = preSolution
		Debug|Any CPU = Debug|Any CPU
		Release|Any CPU = Release|Any CPU
	EndGlobalSection
	GlobalSection(ProjectConfigurationPlatforms) = postSolution
		{343B527A-C626-4B59-8322-7B40A2007D0B}.Debug|Any CPU.ActiveCfg = Debug|Any CPU
		{343B527A-C626-4B59-8322-7B40A2007D0B}.Debug|Any CPU.Build.0 = Debug|Any CPU
		{343B527A-C626-4B59-8322-7B40A2007D0B}.Release|Any CPU.ActiveCfg = Release|Any CPU
		{343B527A-C626-4B59-8322-7B40A2007D0B}.Release|Any CPU.Build.0 = Release|Any CPU
		{AE2EECEE-3906-4773-8975-A40A0452BA47}.Debug|Any CPU.ActiveCfg = Debug|Any CPU
		{AE2EECEE-3906-4773-8975-A40A0452BA47}.Debug|Any CPU.Build.0 = Debug|Any CPU
		{AE2EECEE-3906-4773-8975-A40A0452BA47}.Release|Any CPU.ActiveCfg = Release|Any CPU
		{AE2EECEE-3906-4773-8975-A40A0452BA47}.Release|Any CPU.Build.0 = Release|Any CPU
	EndGlobalSection
	GlobalSection(SolutionProperties) = preSolution
		HideSolutionNode = FALSE
	EndGlobalSection
EndGlobal
